// !$*UTF8*$!
{
	archiveVersion = 1;
	classes = {
	};
	objectVersion = 46;
	objects = {

/* Begin PBXBuildFile section */
		A594ADBB1B791902008B1C75 /* main.cpp in Sources */ = {isa = PBXBuildFile; fileRef = A594ADBA1B791902008B1C75 /* main.cpp */; };
/* End PBXBuildFile section */

/* Begin PBXCopyFilesBuildPhase section */
		A594ADB51B791902008B1C75 /* CopyFiles */ = {
			isa = PBXCopyFilesBuildPhase;
			buildActionMask = 2147483647;
			dstPath = /usr/share/man/man1/;
			dstSubfolderSpec = 0;
			files = (
			);
			runOnlyForDeploymentPostprocessing = 1;
		};
/* End PBXCopyFilesBuildPhase section */

/* Begin PBXFileReference section */
		A594ADB71B791902008B1C75 /* ejercicioEntrenamiento */ = {isa = PBXFileReference; explicitFileType = "compiled.mach-o.executable"; includeInIndex = 0; path = ejercicioEntrenamiento; sourceTree = BUILT_PRODUCTS_DIR; };
		A594ADBA1B791902008B1C75 /* main.cpp */ = {isa = PBXFileReference; lastKnownFileType = sourcecode.cpp.cpp; path = main.cpp; sourceTree = "<group>"; };
/* End PBXFileReference section */

/* Begin PBXFrameworksBuildPhase section */
		A594ADB41B791902008B1C75 /* Frameworks */ = {
			isa = PBXFrameworksBuildPhase;
			buildActionMask = 2147483647;
			files = (
			);
			runOnlyForDeploymentPostprocessing = 0;
		};
/* End PBXFrameworksBuildPhase section */

/* Begin PBXGroup section */
		A594ADAE1B791902008B1C75 = {
			isa = PBXGroup;
			children = (
				A594ADB91B791902008B1C75 /* ejercicioEntrenamiento */,
				A594ADB81B791902008B1C75 /* Products */,
			);
			sourceTree = "<group>";
		};
		A594ADB81B791902008B1C75 /* Products */ = {
			isa = PBXGroup;
			children = (
				A594ADB71B791902008B1C75 /* ejercicioEntrenamiento */,
			);
			name = Products;
			sourceTree = "<group>";
		};
		A594ADB91B791902008B1C75 /* ejercicioEntrenamiento */ = {
			isa = PBXGroup;
			children = (
				A594ADBA1B791902008B1C75 /* main.cpp */,
			);
			path = ejercicioEntrenamiento;
			sourceTree = "<group>";
		};
/* End PBXGroup section */

/* Begin PBXNativeTarget section */
		A594ADB61B791902008B1C75 /* ejercicioEntrenamiento */ = {
			isa = PBXNativeTarget;
			buildConfigurationList = A594ADBE1B791902008B1C75 /* Build configuration list for PBXNativeTarget "ejercicioEntrenamiento" */;
			buildPhases = (
				A594ADB31B791902008B1C75 /* Sources */,
				A594ADB41B791902008B1C75 /* Frameworks */,
				A594ADB51B791902008B1C75 /* CopyFiles */,
			);
			buildRules = (
			);
			dependencies = (
			);
			name = ejercicioEntrenamiento;
			productName = ejercicioEntrenamiento;
			productReference = A594ADB71B791902008B1C75 /* ejercicioEntrenamiento */;
			productType = "com.apple.product-type.tool";
		};
/* End PBXNativeTarget section */

/* Begin PBXProject section */
		A594ADAF1B791902008B1C75 /* Project object */ = {
			isa = PBXProject;
			attributes = {
				LastUpgradeCheck = 0640;
				ORGANIZATIONNAME = "Zareek Galvan";
				TargetAttributes = {
					A594ADB61B791902008B1C75 = {
						CreatedOnToolsVersion = 6.4;
					};
				};
			};
			buildConfigurationList = A594ADB21B791902008B1C75 /* Build configuration list for PBXProject "ejercicioEntrenamiento" */;
			compatibilityVersion = "Xcode 3.2";
			developmentRegion = English;
			hasScannedForEncodings = 0;
			knownRegions = (
				en,
			);
			mainGroup = A594ADAE1B791902008B1C75;
			productRefGroup = A594ADB81B791902008B1C75 /* Products */;
			projectDirPath = "";
			projectRoot = "";
			targets = (
				A594ADB61B791902008B1C75 /* ejercicioEntrenamiento */,
			);
		};
/* End PBXProject section */

/* Begin PBXSourcesBuildPhase section */
		A594ADB31B791902008B1C75 /* Sources */ = {
			isa = PBXSourcesBuildPhase;
			buildActionMask = 2147483647;
			files = (
				A594ADBB1B791902008B1C75 /* main.cpp in Sources */,
			);
			runOnlyForDeploymentPostprocessing = 0;
		};
/* End PBXSourcesBuildPhase section */

/* Begin XCBuildConfiguration section */
		A594ADBC1B791902008B1C75 /* Debug */ = {
			isa = XCBuildConfiguration;
			buildSettings = {
				ALWAYS_SEARCH_USER_PATHS = NO;
				CLANG_CXX_LANGUAGE_STANDARD = "gnu++0x";
				CLANG_CXX_LIBRARY = "libc++";
				CLANG_ENABLE_MODULES = YES;
				CLANG_ENABLE_OBJC_ARC = YES;
				CLANG_WARN_BOOL_CONVERSION = YES;
				CLANG_WARN_CONSTANT_CONVERSION = YES;
				CLANG_WARN_DIRECT_OBJC_ISA_USAGE = YES_ERROR;
				CLANG_WARN_EMPTY_BODY = YES;
				CLANG_WARN_ENUM_CONVERSION = YES;
				CLANG_WARN_INT_CONVERSION = YES;
				CLANG_WARN_OBJC_ROOT_CLASS = YES_ERROR;
				CLANG_WARN_UNREACHABLE_CODE = YES;
				CLANG_WARN__DUPLICATE_METHOD_MATCH = YES;
				COPY_PHASE_STRIP = NO;
				DEBUG_INFORMATION_FORMAT = dwarf;
				ENABLE_STRICT_OBJC_MSGSEND = YES;
				GCC_C_LANGUAGE_STANDARD = gnu99;
				GCC_DYNAMIC_NO_PIC = NO;
				GCC_NO_COMMON_BLOCKS = YES;
				GCC_OPTIMIZATION_LEVEL = 0;
				GCC_PREPROCESSOR_DEFINITIONS = (
					"DEBUG=1",
					"$(inherited)",
				);
				GCC_SYMBOLS_PRIVATE_EXTERN = NO;
				GCC_WARN_64_TO_32_BIT_CONVERSION = YES;
				GCC_WARN_ABOUT_RETURN_TYPE = YES_ERROR;
				GCC_WARN_UNDECLARED_SELECTOR = YES;
				GCC_WARN_UNINITIALIZED_AUTOS = YES_AGGRESSIVE;
				GCC_WARN_UNUSED_FUNCTION = YES;
				GCC_WARN_UNUSED_VARIABLE = YES;
				MACOSX_DEPLOYMENT_TARGET = 10.10;
				MTL_ENABLE_DEBUG_INFO = YES;
				ONLY_ACTIVE_ARCH = YES;
				SDKROOT = macosx;
			};
			name = Debug;
		};
		A594ADBD1B791902008B1C75 /* Release */ = {
			isa = XCBuildConfiguration;
			buildSettings = {
				ALWAYS_SEARCH_USER_PATHS = NO;
				CLANG_CXX_LANGUAGE_STANDARD = "gnu++0x";
				CLANG_CXX_LIBRARY = "libc++";
				CLANG_ENABLE_MODULES = YES;
				CLANG_ENABLE_OBJC_ARC = YES;
				CLANG_WARN_BOOL_CONVERSION = YES;
				CLANG_WARN_CONSTANT_CONVERSION = YES;
				CLANG_WARN_DIRECT_OBJC_ISA_USAGE = YES_ERROR;
				CLANG_WARN_EMPTY_BODY = YES;
				CLANG_WARN_ENUM_CONVERSION = YES;
				CLANG_WARN_INT_CONVERSION = YES;
				CLANG_WARN_OBJC_ROOT_CLASS = YES_ERROR;
				CLANG_WARN_UNREACHABLE_CODE = YES;
				CLANG_WARN__DUPLICATE_METHOD_MATCH = YES;
				COPY_PHASE_STRIP = NO;
				DEBUG_INFORMATION_FORMAT = "dwarf-with-dsym";
				ENABLE_NS_ASSERTIONS = NO;
				ENABLE_STRICT_OBJC_MSGSEND = YES;
				GCC_C_LANGUAGE_STANDARD = gnu99;
				GCC_NO_COMMON_BLOCKS = YES;
				GCC_WARN_64_TO_32_BIT_CONVERSION = YES;
				GCC_WARN_ABOUT_RETURN_TYPE = YES_ERROR;
				GCC_WARN_UNDECLARED_SELECTOR = YES;
				GCC_WARN_UNINITIALIZED_AUTOS = YES_AGGRESSIVE;
				GCC_WARN_UNUSED_FUNCTION = YES;
				GCC_WARN_UNUSED_VARIABLE = YES;
				MACOSX_DEPLOYMENT_TARGET = 10.10;
				MTL_ENABLE_DEBUG_INFO = NO;
				SDKROOT = macosx;
			};
			name = Release;
		};
		A594ADBF1B791902008B1C75 /* Debug */ = {
			isa = XCBuildConfiguration;
			buildSettings = {
				PRODUCT_NAME = "$(TARGET_NAME)";
			};
			name = Debug;
		};
		A594ADC01B791902008B1C75 /* Release */ = {
			isa = XCBuildConfiguration;
			buildSettings = {
				PRODUCT_NAME = "$(TARGET_NAME)";
			};
			name = Release;
		};
/* End XCBuildConfiguration section */

/* Begin XCConfigurationList section */
		A594ADB21B791902008B1C75 /* Build configuration list for PBXProject "ejercicioEntrenamiento" */ = {
			isa = XCConfigurationList;
			buildConfigurations = (
				A594ADBC1B791902008B1C75 /* Debug */,
				A594ADBD1B791902008B1C75 /* Release */,
			);
			defaultConfigurationIsVisible = 0;
			defaultConfigurationName = Release;
		};
		A594ADBE1B791902008B1C75 /* Build configuration list for PBXNativeTarget "ejercicioEntrenamiento" */ = {
			isa = XCConfigurationList;
			buildConfigurations = (
				A594ADBF1B791902008B1C75 /* Debug */,
				A594ADC01B791902008B1C75 /* Release */,
			);
			defaultConfigurationIsVisible = 0;
		};
/* End XCConfigurationList section */
	};
	rootObject = A594ADAF1B791902008B1C75 /* Project object */;
}
